// !$*UTF8*$!
{
	archiveVersion = 1;
	classes = {
	};
	objectVersion = 46;
	objects = {

/* Begin PBXBuildFile section */
		4A5B10E219E1D4C1000A8D03 /* AppDelegate.swift in Sources */ = {isa = PBXBuildFile; fileRef = 4A5B10E119E1D4C1000A8D03 /* AppDelegate.swift */; };
		4A5B10E519E1D4C1000A8D03 /* Faces.xcdatamodeld in Sources */ = {isa = PBXBuildFile; fileRef = 4A5B10E319E1D4C1000A8D03 /* Faces.xcdatamodeld */; };
		4A5B10E719E1D4C1000A8D03 /* MasterViewController.swift in Sources */ = {isa = PBXBuildFile; fileRef = 4A5B10E619E1D4C1000A8D03 /* MasterViewController.swift */; };
		4A5B10E919E1D4C1000A8D03 /* DetailViewController.swift in Sources */ = {isa = PBXBuildFile; fileRef = 4A5B10E819E1D4C1000A8D03 /* DetailViewController.swift */; };
		4A5B10EC19E1D4C1000A8D03 /* Main.storyboard in Resources */ = {isa = PBXBuildFile; fileRef = 4A5B10EA19E1D4C1000A8D03 /* Main.storyboard */; };
		4A5B10EE19E1D4C1000A8D03 /* Images.xcassets in Resources */ = {isa = PBXBuildFile; fileRef = 4A5B10ED19E1D4C1000A8D03 /* Images.xcassets */; };
		4A5B10F119E1D4C1000A8D03 /* LaunchScreen.xib in Resources */ = {isa = PBXBuildFile; fileRef = 4A5B10EF19E1D4C1000A8D03 /* LaunchScreen.xib */; };
		4A5B10FD19E1D4C1000A8D03 /* FacesTests.swift in Sources */ = {isa = PBXBuildFile; fileRef = 4A5B10FC19E1D4C1000A8D03 /* FacesTests.swift */; };
		4ABF764319E1DD8900A96508 /* Set.swift in Sources */ = {isa = PBXBuildFile; fileRef = 4ABF764219E1DD8900A96508 /* Set.swift */; };
/* End PBXBuildFile section */

/* Begin PBXContainerItemProxy section */
		4A5B10F719E1D4C1000A8D03 /* PBXContainerItemProxy */ = {
			isa = PBXContainerItemProxy;
			containerPortal = 4A5B10D419E1D4C1000A8D03 /* Project object */;
			proxyType = 1;
			remoteGlobalIDString = 4A5B10DB19E1D4C1000A8D03;
			remoteInfo = Faces;
		};
/* End PBXContainerItemProxy section */

/* Begin PBXFileReference section */
		4A5B10DC19E1D4C1000A8D03 /* Faces.app */ = {isa = PBXFileReference; explicitFileType = wrapper.application; includeInIndex = 0; path = Faces.app; sourceTree = BUILT_PRODUCTS_DIR; };
		4A5B10E019E1D4C1000A8D03 /* Info.plist */ = {isa = PBXFileReference; lastKnownFileType = text.plist.xml; path = Info.plist; sourceTree = "<group>"; };
		4A5B10E119E1D4C1000A8D03 /* AppDelegate.swift */ = {isa = PBXFileReference; lastKnownFileType = sourcecode.swift; path = AppDelegate.swift; sourceTree = "<group>"; };
		4A5B10E419E1D4C1000A8D03 /* Faces.xcdatamodel */ = {isa = PBXFileReference; lastKnownFileType = wrapper.xcdatamodel; path = Faces.xcdatamodel; sourceTree = "<group>"; };
		4A5B10E619E1D4C1000A8D03 /* MasterViewController.swift */ = {isa = PBXFileReference; lastKnownFileType = sourcecode.swift; path = MasterViewController.swift; sourceTree = "<group>"; };
		4A5B10E819E1D4C1000A8D03 /* DetailViewController.swift */ = {isa = PBXFileReference; lastKnownFileType = sourcecode.swift; path = DetailViewController.swift; sourceTree = "<group>"; };
		4A5B10EB19E1D4C1000A8D03 /* Base */ = {isa = PBXFileReference; lastKnownFileType = file.storyboard; name = Base; path = Base.lproj/Main.storyboard; sourceTree = "<group>"; };
		4A5B10ED19E1D4C1000A8D03 /* Images.xcassets */ = {isa = PBXFileReference; lastKnownFileType = folder.assetcatalog; path = Images.xcassets; sourceTree = "<group>"; };
		4A5B10F019E1D4C1000A8D03 /* Base */ = {isa = PBXFileReference; lastKnownFileType = file.xib; name = Base; path = Base.lproj/LaunchScreen.xib; sourceTree = "<group>"; };
		4A5B10F619E1D4C1000A8D03 /* FacesTests.xctest */ = {isa = PBXFileReference; explicitFileType = wrapper.cfbundle; includeInIndex = 0; path = FacesTests.xctest; sourceTree = BUILT_PRODUCTS_DIR; };
		4A5B10FB19E1D4C1000A8D03 /* Info.plist */ = {isa = PBXFileReference; lastKnownFileType = text.plist.xml; path = Info.plist; sourceTree = "<group>"; };
		4A5B10FC19E1D4C1000A8D03 /* FacesTests.swift */ = {isa = PBXFileReference; lastKnownFileType = sourcecode.swift; path = FacesTests.swift; sourceTree = "<group>"; };
		4ABF764219E1DD8900A96508 /* Set.swift */ = {isa = PBXFileReference; fileEncoding = 4; lastKnownFileType = sourcecode.swift; path = Set.swift; sourceTree = "<group>"; };
/* End PBXFileReference section */

/* Begin PBXFrameworksBuildPhase section */
		4A5B10D919E1D4C1000A8D03 /* Frameworks */ = {
			isa = PBXFrameworksBuildPhase;
			buildActionMask = 2147483647;
			files = (
			);
			runOnlyForDeploymentPostprocessing = 0;
		};
		4A5B10F319E1D4C1000A8D03 /* Frameworks */ = {
			isa = PBXFrameworksBuildPhase;
			buildActionMask = 2147483647;
			files = (
			);
			runOnlyForDeploymentPostprocessing = 0;
		};
/* End PBXFrameworksBuildPhase section */

/* Begin PBXGroup section */
		4A5B10D319E1D4C1000A8D03 = {
			isa = PBXGroup;
			children = (
				4A5B10DE19E1D4C1000A8D03 /* Faces */,
				4A5B10F919E1D4C1000A8D03 /* FacesTests */,
				4A5B10DD19E1D4C1000A8D03 /* Products */,
			);
			sourceTree = "<group>";
		};
		4A5B10DD19E1D4C1000A8D03 /* Products */ = {
			isa = PBXGroup;
			children = (
				4A5B10DC19E1D4C1000A8D03 /* Faces.app */,
				4A5B10F619E1D4C1000A8D03 /* FacesTests.xctest */,
			);
			name = Products;
			sourceTree = "<group>";
		};
		4A5B10DE19E1D4C1000A8D03 /* Faces */ = {
			isa = PBXGroup;
			children = (
				4A5B10E119E1D4C1000A8D03 /* AppDelegate.swift */,
				4A5B10E619E1D4C1000A8D03 /* MasterViewController.swift */,
				4A5B10E819E1D4C1000A8D03 /* DetailViewController.swift */,
				4A5B10EA19E1D4C1000A8D03 /* Main.storyboard */,
				4A5B10ED19E1D4C1000A8D03 /* Images.xcassets */,
				4A5B10EF19E1D4C1000A8D03 /* LaunchScreen.xib */,
				4ABF764219E1DD8900A96508 /* Set.swift */,
				4A5B10E319E1D4C1000A8D03 /* Faces.xcdatamodeld */,
				4A5B10DF19E1D4C1000A8D03 /* Supporting Files */,
			);
			path = Faces;
			sourceTree = "<group>";
		};
		4A5B10DF19E1D4C1000A8D03 /* Supporting Files */ = {
			isa = PBXGroup;
			children = (
				4A5B10E019E1D4C1000A8D03 /* Info.plist */,
			);
			name = "Supporting Files";
			sourceTree = "<group>";
		};
		4A5B10F919E1D4C1000A8D03 /* FacesTests */ = {
			isa = PBXGroup;
			children = (
				4A5B10FC19E1D4C1000A8D03 /* FacesTests.swift */,
				4A5B10FA19E1D4C1000A8D03 /* Supporting Files */,
			);
			path = FacesTests;
			sourceTree = "<group>";
		};
		4A5B10FA19E1D4C1000A8D03 /* Supporting Files */ = {
			isa = PBXGroup;
			children = (
				4A5B10FB19E1D4C1000A8D03 /* Info.plist */,
			);
			name = "Supporting Files";
			sourceTree = "<group>";
		};
/* End PBXGroup section */

/* Begin PBXNativeTarget section */
		4A5B10DB19E1D4C1000A8D03 /* Faces */ = {
			isa = PBXNativeTarget;
			buildConfigurationList = 4A5B110019E1D4C1000A8D03 /* Build configuration list for PBXNativeTarget "Faces" */;
			buildPhases = (
				4A5B10D819E1D4C1000A8D03 /* Sources */,
				4A5B10D919E1D4C1000A8D03 /* Frameworks */,
				4A5B10DA19E1D4C1000A8D03 /* Resources */,
			);
			buildRules = (
			);
			dependencies = (
			);
			name = Faces;
			productName = Faces;
			productReference = 4A5B10DC19E1D4C1000A8D03 /* Faces.app */;
			productType = "com.apple.product-type.application";
		};
		4A5B10F519E1D4C1000A8D03 /* FacesTests */ = {
			isa = PBXNativeTarget;
			buildConfigurationList = 4A5B110319E1D4C1000A8D03 /* Build configuration list for PBXNativeTarget "FacesTests" */;
			buildPhases = (
				4A5B10F219E1D4C1000A8D03 /* Sources */,
				4A5B10F319E1D4C1000A8D03 /* Frameworks */,
				4A5B10F419E1D4C1000A8D03 /* Resources */,
			);
			buildRules = (
			);
			dependencies = (
				4A5B10F819E1D4C1000A8D03 /* PBXTargetDependency */,
			);
			name = FacesTests;
			productName = FacesTests;
			productReference = 4A5B10F619E1D4C1000A8D03 /* FacesTests.xctest */;
			productType = "com.apple.product-type.bundle.unit-test";
		};
/* End PBXNativeTarget section */

/* Begin PBXProject section */
		4A5B10D419E1D4C1000A8D03 /* Project object */ = {
			isa = PBXProject;
			attributes = {
				LastUpgradeCheck = 0610;
				ORGANIZATIONNAME = anli5005;
				TargetAttributes = {
					4A5B10DB19E1D4C1000A8D03 = {
						CreatedOnToolsVersion = 6.1;
					};
					4A5B10F519E1D4C1000A8D03 = {
						CreatedOnToolsVersion = 6.1;
						TestTargetID = 4A5B10DB19E1D4C1000A8D03;
					};
				};
			};
			buildConfigurationList = 4A5B10D719E1D4C1000A8D03 /* Build configuration list for PBXProject "Faces" */;
			compatibilityVersion = "Xcode 3.2";
			developmentRegion = English;
			hasScannedForEncodings = 0;
			knownRegions = (
				en,
				Base,
			);
			mainGroup = 4A5B10D319E1D4C1000A8D03;
			productRefGroup = 4A5B10DD19E1D4C1000A8D03 /* Products */;
			projectDirPath = "";
			projectRoot = "";
			targets = (
				4A5B10DB19E1D4C1000A8D03 /* Faces */,
				4A5B10F519E1D4C1000A8D03 /* FacesTests */,
			);
		};
/* End PBXProject section */

/* Begin PBXResourcesBuildPhase section */
		4A5B10DA19E1D4C1000A8D03 /* Resources */ = {
			isa = PBXResourcesBuildPhase;
			buildActionMask = 2147483647;
			files = (
				4A5B10EC19E1D4C1000A8D03 /* Main.storyboard in Resources */,
				4A5B10F119E1D4C1000A8D03 /* LaunchScreen.xib in Resources */,
				4A5B10EE19E1D4C1000A8D03 /* Images.xcassets in Resources */,
			);
			runOnlyForDeploymentPostprocessing = 0;
		};
		4A5B10F419E1D4C1000A8D03 /* Resources */ = {
			isa = PBXResourcesBuildPhase;
			buildActionMask = 2147483647;
			files = (
			);
			runOnlyForDeploymentPostprocessing = 0;
		};
/* End PBXResourcesBuildPhase section */

/* Begin PBXSourcesBuildPhase section */
		4A5B10D819E1D4C1000A8D03 /* Sources */ = {
			isa = PBXSourcesBuildPhase;
			buildActionMask = 2147483647;
			files = (
				4ABF764319E1DD8900A96508 /* Set.swift in Sources */,
				4A5B10E519E1D4C1000A8D03 /* Faces.xcdatamodeld in Sources */,
				4A5B10E219E1D4C1000A8D03 /* AppDelegate.swift in Sources */,
				4A5B10E719E1D4C1000A8D03 /* MasterViewController.swift in Sources */,
				4A5B10E919E1D4C1000A8D03 /* DetailViewController.swift in Sources */,
			);
			runOnlyForDeploymentPostprocessing = 0;
		};
		4A5B10F219E1D4C1000A8D03 /* Sources */ = {
			isa = PBXSourcesBuildPhase;
			buildActionMask = 2147483647;
			files = (
				4A5B10FD19E1D4C1000A8D03 /* FacesTests.swift in Sources */,
			);
			runOnlyForDeploymentPostprocessing = 0;
		};
/* End PBXSourcesBuildPhase section */

/* Begin PBXTargetDependency section */
		4A5B10F819E1D4C1000A8D03 /* PBXTargetDependency */ = {
			isa = PBXTargetDependency;
			target = 4A5B10DB19E1D4C1000A8D03 /* Faces */;
			targetProxy = 4A5B10F719E1D4C1000A8D03 /* PBXContainerItemProxy */;
		};
/* End PBXTargetDependency section */

/* Begin PBXVariantGroup section */
		4A5B10EA19E1D4C1000A8D03 /* Main.storyboard */ = {
			isa = PBXVariantGroup;
			children = (
				4A5B10EB19E1D4C1000A8D03 /* Base */,
			);
			name = Main.storyboard;
			sourceTree = "<group>";
		};
		4A5B10EF19E1D4C1000A8D03 /* LaunchScreen.xib */ = {
			isa = PBXVariantGroup;
			children = (
				4A5B10F019E1D4C1000A8D03 /* Base */,
			);
			name = LaunchScreen.xib;
			sourceTree = "<group>";
		};
/* End PBXVariantGroup section */

/* Begin XCBuildConfiguration section */
		4A5B10FE19E1D4C1000A8D03 /* Debug */ = {
			isa = XCBuildConfiguration;
			buildSettings = {
				ALWAYS_SEARCH_USER_PATHS = NO;
				CLANG_CXX_LANGUAGE_STANDARD = "gnu++0x";
				CLANG_CXX_LIBRARY = "libc++";
				CLANG_ENABLE_MODULES = YES;
				CLANG_ENABLE_OBJC_ARC = YES;
				CLANG_WARN_BOOL_CONVERSION = YES;
				CLANG_WARN_CONSTANT_CONVERSION = YES;
				CLANG_WARN_DIRECT_OBJC_ISA_USAGE = YES_ERROR;
				CLANG_WARN_EMPTY_BODY = YES;
				CLANG_WARN_ENUM_CONVERSION = YES;
				CLANG_WARN_INT_CONVERSION = YES;
				CLANG_WARN_OBJC_ROOT_CLASS = YES_ERROR;
				CLANG_WARN_UNREACHABLE_CODE = YES;
				CLANG_WARN__DUPLICATE_METHOD_MATCH = YES;
				"CODE_SIGN_IDENTITY[sdk=iphoneos*]" = "iPhone Developer";
				COPY_PHASE_STRIP = NO;
				ENABLE_STRICT_OBJC_MSGSEND = YES;
				GCC_C_LANGUAGE_STANDARD = gnu99;
				GCC_DYNAMIC_NO_PIC = NO;
				GCC_OPTIMIZATION_LEVEL = 0;
				GCC_PREPROCESSOR_DEFINITIONS = (
					"DEBUG=1",
					"$(inherited)",
				);
				GCC_SYMBOLS_PRIVATE_EXTERN = NO;
				GCC_WARN_64_TO_32_BIT_CONVERSION = YES;
				GCC_WARN_ABOUT_RETURN_TYPE = YES_ERROR;
				GCC_WARN_UNDECLARED_SELECTOR = YES;
				GCC_WARN_UNINITIALIZED_AUTOS = YES_AGGRESSIVE;
				GCC_WARN_UNUSED_FUNCTION = YES;
				GCC_WARN_UNUSED_VARIABLE = YES;
				IPHONEOS_DEPLOYMENT_TARGET = 8.1;
				MTL_ENABLE_DEBUG_INFO = YES;
				ONLY_ACTIVE_ARCH = YES;
				SDKROOT = iphoneos;
				SWIFT_OPTIMIZATION_LEVEL = "-Onone";
			};
			name = Debug;
		};
		4A5B10FF19E1D4C1000A8D03 /* Release */ = {
			isa = XCBuildConfiguration;
			buildSettings = {
				ALWAYS_SEARCH_USER_PATHS = NO;
				CLANG_CXX_LANGUAGE_STANDARD = "gnu++0x";
				CLANG_CXX_LIBRARY = "libc++";
				CLANG_ENABLE_MODULES = YES;
				CLANG_ENABLE_OBJC_ARC = YES;
				CLANG_WARN_BOOL_CONVERSION = YES;
				CLANG_WARN_CONSTANT_CONVERSION = YES;
				CLANG_WARN_DIRECT_OBJC_ISA_USAGE = YES_ERROR;
				CLANG_WARN_EMPTY_BODY = YES;
				CLANG_WARN_ENUM_CONVERSION = YES;
				CLANG_WARN_INT_CONVERSION = YES;
				CLANG_WARN_OBJC_ROOT_CLASS = YES_ERROR;
				CLANG_WARN_UNREACHABLE_CODE = YES;
				CLANG_WARN__DUPLICATE_METHOD_MATCH = YES;
				"CODE_SIGN_IDENTITY[sdk=iphoneos*]" = "iPhone Developer";
				COPY_PHASE_STRIP = YES;
				ENABLE_NS_ASSERTIONS = NO;
				ENABLE_STRICT_OBJC_MSGSEND = YES;
				GCC_C_LANGUAGE_STANDARD = gnu99;
				GCC_WARN_64_TO_32_BIT_CONVERSION = YES;
				GCC_WARN_ABOUT_RETURN_TYPE = YES_ERROR;
				GCC_WARN_UNDECLARED_SELECTOR = YES;
				GCC_WARN_UNINITIALIZED_AUTOS = YES_AGGRESSIVE;
				GCC_WARN_UNUSED_FUNCTION = YES;
				GCC_WARN_UNUSED_VARIABLE = YES;
				IPHONEOS_DEPLOYMENT_TARGET = 8.1;
				MTL_ENABLE_DEBUG_INFO = NO;
				SDKROOT = iphoneos;
				VALIDATE_PRODUCT = YES;
			};
			name = Release;
		};
		4A5B110119E1D4C1000A8D03 /* Debug */ = {
			isa = XCBuildConfiguration;
			buildSettings = {
				ASSETCATALOG_COMPILER_APPICON_NAME = AppIcon;
				INFOPLIST_FILE = Faces/Info.plist;
				LD_RUNPATH_SEARCH_PATHS = "$(inherited) @executable_path/Frameworks";
				PRODUCT_NAME = "$(TARGET_NAME)";
				TARGETED_DEVICE_FAMILY = "1,2";
			};
			name = Debug;
		};
		4A5B110219E1D4C1000A8D03 /* Release */ = {
			isa = XCBuildConfiguration;
			buildSettings = {
				ASSETCATALOG_COMPILER_APPICON_NAME = AppIcon;
				INFOPLIST_FILE = Faces/Info.plist;
				LD_RUNPATH_SEARCH_PATHS = "$(inherited) @executable_path/Frameworks";
				PRODUCT_NAME = "$(TARGET_NAME)";
				TARGETED_DEVICE_FAMILY = "1,2";
			};
			name = Release;
		};
		4A5B110419E1D4C1000A8D03 /* Debug */ = {
			isa = XCBuildConfiguration;
			buildSettings = {
				BUNDLE_LOADER = "$(TEST_HOST)";
				FRAMEWORK_SEARCH_PATHS = (
					"$(SDKROOT)/Developer/Library/Frameworks",
					"$(inherited)",
				);
				GCC_PREPROCESSOR_DEFINITIONS = (
					"DEBUG=1",
					"$(inherited)",
				);
				INFOPLIST_FILE = FacesTests/Info.plist;
				LD_RUNPATH_SEARCH_PATHS = "$(inherited) @executable_path/Frameworks @loader_path/Frameworks";
				PRODUCT_NAME = "$(TARGET_NAME)";
				TEST_HOST = "$(BUILT_PRODUCTS_DIR)/Faces.app/Faces";
			};
			name = Debug;
		};
		4A5B110519E1D4C1000A8D03 /* Release */ = {
			isa = XCBuildConfiguration;
			buildSettings = {
				BUNDLE_LOADER = "$(TEST_HOST)";
				FRAMEWORK_SEARCH_PATHS = (
					"$(SDKROOT)/Developer/Library/Frameworks",
					"$(inherited)",
				);
				INFOPLIST_FILE = FacesTests/Info.plist;
				LD_RUNPATH_SEARCH_PATHS = "$(inherited) @executable_path/Frameworks @loader_path/Frameworks";
				PRODUCT_NAME = "$(TARGET_NAME)";
				TEST_HOST = "$(BUILT_PRODUCTS_DIR)/Faces.app/Faces";
			};
			name = Release;
		};
/* End XCBuildConfiguration section */

/* Begin XCConfigurationList section */
		4A5B10D719E1D4C1000A8D03 /* Build configuration list for PBXProject "Faces" */ = {
			isa = XCConfigurationList;
			buildConfigurations = (
				4A5B10FE19E1D4C1000A8D03 /* Debug */,
				4A5B10FF19E1D4C1000A8D03 /* Release */,
			);
			defaultConfigurationIsVisible = 0;
			defaultConfigurationName = Release;
		};
		4A5B110019E1D4C1000A8D03 /* Build configuration list for PBXNativeTarget "Faces" */ = {
			isa = XCConfigurationList;
			buildConfigurations = (
				4A5B110119E1D4C1000A8D03 /* Debug */,
				4A5B110219E1D4C1000A8D03 /* Release */,
			);
			defaultConfigurationIsVisible = 0;
			defaultConfigurationName = Release;
		};
		4A5B110319E1D4C1000A8D03 /* Build configuration list for PBXNativeTarget "FacesTests" */ = {
			isa = XCConfigurationList;
			buildConfigurations = (
				4A5B110419E1D4C1000A8D03 /* Debug */,
				4A5B110519E1D4C1000A8D03 /* Release */,
			);
			defaultConfigurationIsVisible = 0;
			defaultConfigurationName = Release;
		};
/* End XCConfigurationList section */

/* Begin XCVersionGroup section */
		4A5B10E319E1D4C1000A8D03 /* Faces.xcdatamodeld */ = {
			isa = XCVersionGroup;
			children = (
				4A5B10E419E1D4C1000A8D03 /* Faces.xcdatamodel */,
			);
			currentVersion = 4A5B10E419E1D4C1000A8D03 /* Faces.xcdatamodel */;
			path = Faces.xcdatamodeld;
			sourceTree = "<group>";
			versionGroupType = wrapper.xcdatamodel;
		};
/* End XCVersionGroup section */
	};
	rootObject = 4A5B10D419E1D4C1000A8D03 /* Project object */;
}
